
Microsoft Visual Studio Solution File, Format Version 12.00
# Visual Studio 15
VisualStudioVersion = 15.0.34031.82
MinimumVisualStudioVersion = 10.0.40219.1
Project("{8BC9CEB8-8B4A-11D0-8D11-00A0C91BC942}") = "4.27", "4.27\4.27.vcxproj", "{75057D45-FCD1-4E42-83E5-D2E545E0CA54}"
EndProject
Global
	GlobalSection(SolutionConfigurationPlatforms) = preSolution
		Debug|x64 = Debug|x64
		Debug|x86 = Debug|x86
		Release|x64 = Release|x64
		Release|x86 = Release|x86
	EndGlobalSection
	GlobalSection(ProjectConfigurationPlatforms) = postSolution
		{75057D45-FCD1-4E42-83E5-D2E545E0CA54}.Debug|x64.ActiveCfg = Debug|x64
		{75057D45-FCD1-4E42-83E5-D2E545E0CA54}.Debug|x64.Build.0 = Debug|x64
		{75057D45-FCD1-4E42-83E5-D2E545E0CA54}.Debug|x86.ActiveCfg = Debug|Win32
		{75057D45-FCD1-4E42-83E5-D2E545E0CA54}.Debug|x86.Build.0 = Debug|Win32
		{75057D45-FCD1-4E42-83E5-D2E545E0CA54}.Release|x64.ActiveCfg = Release|x64
		{75057D45-FCD1-4E42-83E5-D2E545E0CA54}.Release|x64.Build.0 = Release|x64
		{75057D45-FCD1-4E42-83E5-D2E545E0CA54}.Release|x86.ActiveCfg = Release|Win32
		{75057D45-FCD1-4E42-83E5-D2E545E0CA54}.Release|x86.Build.0 = Release|Win32
	EndGlobalSection
	GlobalSection(SolutionProperties) = preSolution
		HideSolutionNode = FALSE
	EndGlobalSection
	GlobalSection(ExtensibilityGlobals) = postSolution
		SolutionGuid = {D2498084-55C7-440C-A8EE-2B35A5C0FBC6}
	EndGlobalSection
EndGlobal
